
Microsoft Visual Studio Solution File, Format Version 12.00
# Visual Studio Version 16
VisualStudioVersion = 16.0.29613.14
MinimumVisualStudioVersion = 10.0.40219.1
Project("{9A19103F-16F7-4668-BE54-9A1E7A4F7556}") = "LockrApi", "LockrApi\LockrApi.csproj", "{B5BD3C13-DCEC-4AFC-9FE8-E2348B6B5791}"
EndProject
Project("{FAE04EC0-301F-11D3-BF4B-00C04F79EFBC}") = "DiscoverAccessToken", "DiscoverAccessToken\DiscoverAccessToken.csproj", "{6FD72B6A-A9F4-4FC0-B0BF-08145AE03C43}"
EndProject
Global
	GlobalSection(SolutionConfigurationPlatforms) = preSolution
		Debug|Any CPU = Debug|Any CPU
		Release|Any CPU = Release|Any CPU
	EndGlobalSection
	GlobalSection(ProjectConfigurationPlatforms) = postSolution
		{B5BD3C13-DCEC-4AFC-9FE8-E2348B6B5791}.Debug|Any CPU.ActiveCfg = Debug|Any CPU
		{B5BD3C13-DCEC-4AFC-9FE8-E2348B6B5791}.Debug|Any CPU.Build.0 = Debug|Any CPU
		{B5BD3C13-DCEC-4AFC-9FE8-E2348B6B5791}.Release|Any CPU.ActiveCfg = Release|Any CPU
		{B5BD3C13-DCEC-4AFC-9FE8-E2348B6B5791}.Release|Any CPU.Build.0 = Release|Any CPU
		{6FD72B6A-A9F4-4FC0-B0BF-08145AE03C43}.Debug|Any CPU.ActiveCfg = Debug|Any CPU
		{6FD72B6A-A9F4-4FC0-B0BF-08145AE03C43}.Debug|Any CPU.Build.0 = Debug|Any CPU
		{6FD72B6A-A9F4-4FC0-B0BF-08145AE03C43}.Release|Any CPU.ActiveCfg = Release|Any CPU
		{6FD72B6A-A9F4-4FC0-B0BF-08145AE03C43}.Release|Any CPU.Build.0 = Release|Any CPU
	EndGlobalSection
	GlobalSection(SolutionProperties) = preSolution
		HideSolutionNode = FALSE
	EndGlobalSection
	GlobalSection(ExtensibilityGlobals) = postSolution
		SolutionGuid = {4CEA60BF-A21B-4E94-995A-36AE7532AE39}
	EndGlobalSection
EndGlobal
