
Microsoft Visual Studio Solution File, Format Version 12.00
# Visual Studio Version 16
VisualStudioVersion = 16.0.29613.14
MinimumVisualStudioVersion = 10.0.40219.1
Project("{FAE04EC0-301F-11D3-BF4B-00C04F79EFBC}") = "LockrFront", "LockrFront\LockrFront.csproj", "{88DB2B7F-8EB5-4C86-AD70-C5499DF8C15F}"
EndProject
Global
	GlobalSection(SolutionConfigurationPlatforms) = preSolution
		Debug|Any CPU = Debug|Any CPU
		Release|Any CPU = Release|Any CPU
	EndGlobalSection
	GlobalSection(ProjectConfigurationPlatforms) = postSolution
		{88DB2B7F-8EB5-4C86-AD70-C5499DF8C15F}.Debug|Any CPU.ActiveCfg = Debug|Any CPU
		{88DB2B7F-8EB5-4C86-AD70-C5499DF8C15F}.Debug|Any CPU.Build.0 = Debug|Any CPU
		{88DB2B7F-8EB5-4C86-AD70-C5499DF8C15F}.Release|Any CPU.ActiveCfg = Release|Any CPU
		{88DB2B7F-8EB5-4C86-AD70-C5499DF8C15F}.Release|Any CPU.Build.0 = Release|Any CPU
	EndGlobalSection
	GlobalSection(SolutionProperties) = preSolution
		HideSolutionNode = FALSE
	EndGlobalSection
	GlobalSection(ExtensibilityGlobals) = postSolution
		SolutionGuid = {A29BD44D-70B8-4960-B0E6-8400030FCCCD}
	EndGlobalSection
EndGlobal
